
Microsoft Visual Studio Solution File, Format Version 12.00
# Visual Studio Version 16
VisualStudioVersion = 16.0.30907.101
MinimumVisualStudioVersion = 10.0.40219.1
Project("{FAE04EC0-301F-11D3-BF4B-00C04F79EFBC}") = "VsRemote", "VsRemote\VsRemote.csproj", "{27CC1664-CE30-4B0A-AD7E-9817DD6C4655}"
EndProject
Global
	GlobalSection(SolutionConfigurationPlatforms) = preSolution
		Debug|Any CPU = Debug|Any CPU
		Release|Any CPU = Release|Any CPU
	EndGlobalSection
	GlobalSection(ProjectConfigurationPlatforms) = postSolution
		{27CC1664-CE30-4B0A-AD7E-9817DD6C4655}.Debug|Any CPU.ActiveCfg = Debug|Any CPU
		{27CC1664-CE30-4B0A-AD7E-9817DD6C4655}.Debug|Any CPU.Build.0 = Debug|Any CPU
		{27CC1664-CE30-4B0A-AD7E-9817DD6C4655}.Release|Any CPU.ActiveCfg = Release|Any CPU
		{27CC1664-CE30-4B0A-AD7E-9817DD6C4655}.Release|Any CPU.Build.0 = Release|Any CPU
	EndGlobalSection
	GlobalSection(SolutionProperties) = preSolution
		HideSolutionNode = FALSE
	EndGlobalSection
	GlobalSection(ExtensibilityGlobals) = postSolution
		SolutionGuid = {9D816F3A-A812-4479-ACF8-AA12E9ABABD2}
	EndGlobalSection
EndGlobal
